// !$*UTF8*$!
{
	archiveVersion = 1;
	classes = {
	};
	objectVersion = 46;
	objects = {

/* Begin PBXBuildFile section */
		20DF8775194B5C2200B55C4A /* AppDelegate.swift in Sources */ = {isa = PBXBuildFile; fileRef = 20DF8774194B5C2200B55C4A /* AppDelegate.swift */; };
		20DF8777194B5C2200B55C4A /* ViewController.swift in Sources */ = {isa = PBXBuildFile; fileRef = 20DF8776194B5C2200B55C4A /* ViewController.swift */; };
		20DF877A194B5C2200B55C4A /* Main.storyboard in Resources */ = {isa = PBXBuildFile; fileRef = 20DF8778194B5C2200B55C4A /* Main.storyboard */; };
		20DF877C194B5C2200B55C4A /* Images.xcassets in Resources */ = {isa = PBXBuildFile; fileRef = 20DF877B194B5C2200B55C4A /* Images.xcassets */; };
		20DF8788194B5C2200B55C4A /* SwiftTestTests.swift in Sources */ = {isa = PBXBuildFile; fileRef = 20DF8787194B5C2200B55C4A /* SwiftTestTests.swift */; };
/* End PBXBuildFile section */

/* Begin PBXContainerItemProxy section */
		20DF8782194B5C2200B55C4A /* PBXContainerItemProxy */ = {
			isa = PBXContainerItemProxy;
			containerPortal = 20DF8767194B5C2200B55C4A /* Project object */;
			proxyType = 1;
			remoteGlobalIDString = 20DF876E194B5C2200B55C4A;
			remoteInfo = SwiftTest;
		};
/* End PBXContainerItemProxy section */

/* Begin PBXFileReference section */
		20DF876F194B5C2200B55C4A /* SwiftTest.app */ = {isa = PBXFileReference; explicitFileType = wrapper.application; includeInIndex = 0; path = SwiftTest.app; sourceTree = BUILT_PRODUCTS_DIR; };
		20DF8773194B5C2200B55C4A /* Info.plist */ = {isa = PBXFileReference; lastKnownFileType = text.plist.xml; path = Info.plist; sourceTree = "<group>"; };
		20DF8774194B5C2200B55C4A /* AppDelegate.swift */ = {isa = PBXFileReference; lastKnownFileType = sourcecode.swift; path = AppDelegate.swift; sourceTree = "<group>"; };
		20DF8776194B5C2200B55C4A /* ViewController.swift */ = {isa = PBXFileReference; lastKnownFileType = sourcecode.swift; path = ViewController.swift; sourceTree = "<group>"; };
		20DF8779194B5C2200B55C4A /* Base */ = {isa = PBXFileReference; lastKnownFileType = file.storyboard; name = Base; path = Base.lproj/Main.storyboard; sourceTree = "<group>"; };
		20DF877B194B5C2200B55C4A /* Images.xcassets */ = {isa = PBXFileReference; lastKnownFileType = folder.assetcatalog; path = Images.xcassets; sourceTree = "<group>"; };
		20DF8781194B5C2200B55C4A /* SwiftTestTests.xctest */ = {isa = PBXFileReference; explicitFileType = wrapper.cfbundle; includeInIndex = 0; path = SwiftTestTests.xctest; sourceTree = BUILT_PRODUCTS_DIR; };
		20DF8786194B5C2200B55C4A /* Info.plist */ = {isa = PBXFileReference; lastKnownFileType = text.plist.xml; path = Info.plist; sourceTree = "<group>"; };
		20DF8787194B5C2200B55C4A /* SwiftTestTests.swift */ = {isa = PBXFileReference; lastKnownFileType = sourcecode.swift; path = SwiftTestTests.swift; sourceTree = "<group>"; };
/* End PBXFileReference section */

/* Begin PBXFrameworksBuildPhase section */
		20DF876C194B5C2200B55C4A /* Frameworks */ = {
			isa = PBXFrameworksBuildPhase;
			buildActionMask = 2147483647;
			files = (
			);
			runOnlyForDeploymentPostprocessing = 0;
		};
		20DF877E194B5C2200B55C4A /* Frameworks */ = {
			isa = PBXFrameworksBuildPhase;
			buildActionMask = 2147483647;
			files = (
			);
			runOnlyForDeploymentPostprocessing = 0;
		};
/* End PBXFrameworksBuildPhase section */

/* Begin PBXGroup section */
		20DF8766194B5C2200B55C4A = {
			isa = PBXGroup;
			children = (
				20DF8771194B5C2200B55C4A /* SwiftTest */,
				20DF8784194B5C2200B55C4A /* SwiftTestTests */,
				20DF8770194B5C2200B55C4A /* Products */,
			);
			sourceTree = "<group>";
		};
		20DF8770194B5C2200B55C4A /* Products */ = {
			isa = PBXGroup;
			children = (
				20DF876F194B5C2200B55C4A /* SwiftTest.app */,
				20DF8781194B5C2200B55C4A /* SwiftTestTests.xctest */,
			);
			name = Products;
			sourceTree = "<group>";
		};
		20DF8771194B5C2200B55C4A /* SwiftTest */ = {
			isa = PBXGroup;
			children = (
				20DF8774194B5C2200B55C4A /* AppDelegate.swift */,
				20DF8776194B5C2200B55C4A /* ViewController.swift */,
				20DF8778194B5C2200B55C4A /* Main.storyboard */,
				20DF877B194B5C2200B55C4A /* Images.xcassets */,
				20DF8772194B5C2200B55C4A /* Supporting Files */,
			);
			path = SwiftTest;
			sourceTree = "<group>";
		};
		20DF8772194B5C2200B55C4A /* Supporting Files */ = {
			isa = PBXGroup;
			children = (
				20DF8773194B5C2200B55C4A /* Info.plist */,
			);
			name = "Supporting Files";
			sourceTree = "<group>";
		};
		20DF8784194B5C2200B55C4A /* SwiftTestTests */ = {
			isa = PBXGroup;
			children = (
				20DF8787194B5C2200B55C4A /* SwiftTestTests.swift */,
				20DF8785194B5C2200B55C4A /* Supporting Files */,
			);
			path = SwiftTestTests;
			sourceTree = "<group>";
		};
		20DF8785194B5C2200B55C4A /* Supporting Files */ = {
			isa = PBXGroup;
			children = (
				20DF8786194B5C2200B55C4A /* Info.plist */,
			);
			name = "Supporting Files";
			sourceTree = "<group>";
		};
/* End PBXGroup section */

/* Begin PBXNativeTarget section */
		20DF876E194B5C2200B55C4A /* SwiftTest */ = {
			isa = PBXNativeTarget;
			buildConfigurationList = 20DF878B194B5C2200B55C4A /* Build configuration list for PBXNativeTarget "SwiftTest" */;
			buildPhases = (
				20DF876B194B5C2200B55C4A /* Sources */,
				20DF876C194B5C2200B55C4A /* Frameworks */,
				20DF876D194B5C2200B55C4A /* Resources */,
			);
			buildRules = (
			);
			dependencies = (
			);
			name = SwiftTest;
			productName = SwiftTest;
			productReference = 20DF876F194B5C2200B55C4A /* SwiftTest.app */;
			productType = "com.apple.product-type.application";
		};
		20DF8780194B5C2200B55C4A /* SwiftTestTests */ = {
			isa = PBXNativeTarget;
			buildConfigurationList = 20DF878E194B5C2200B55C4A /* Build configuration list for PBXNativeTarget "SwiftTestTests" */;
			buildPhases = (
				20DF877D194B5C2200B55C4A /* Sources */,
				20DF877E194B5C2200B55C4A /* Frameworks */,
				20DF877F194B5C2200B55C4A /* Resources */,
			);
			buildRules = (
			);
			dependencies = (
				20DF8783194B5C2200B55C4A /* PBXTargetDependency */,
			);
			name = SwiftTestTests;
			productName = SwiftTestTests;
			productReference = 20DF8781194B5C2200B55C4A /* SwiftTestTests.xctest */;
			productType = "com.apple.product-type.bundle.unit-test";
		};
/* End PBXNativeTarget section */

/* Begin PBXProject section */
		20DF8767194B5C2200B55C4A /* Project object */ = {
			isa = PBXProject;
			attributes = {
				LastUpgradeCheck = 0600;
				ORGANIZATIONNAME = "MASAO IKAWA";
				TargetAttributes = {
					20DF876E194B5C2200B55C4A = {
						CreatedOnToolsVersion = 6.0;
					};
					20DF8780194B5C2200B55C4A = {
						CreatedOnToolsVersion = 6.0;
						TestTargetID = 20DF876E194B5C2200B55C4A;
					};
				};
			};
			buildConfigurationList = 20DF876A194B5C2200B55C4A /* Build configuration list for PBXProject "SwiftTest" */;
			compatibilityVersion = "Xcode 3.2";
			developmentRegion = English;
			hasScannedForEncodings = 0;
			knownRegions = (
				en,
				Base,
			);
			mainGroup = 20DF8766194B5C2200B55C4A;
			productRefGroup = 20DF8770194B5C2200B55C4A /* Products */;
			projectDirPath = "";
			projectRoot = "";
			targets = (
				20DF876E194B5C2200B55C4A /* SwiftTest */,
				20DF8780194B5C2200B55C4A /* SwiftTestTests */,
			);
		};
/* End PBXProject section */

/* Begin PBXResourcesBuildPhase section */
		20DF876D194B5C2200B55C4A /* Resources */ = {
			isa = PBXResourcesBuildPhase;
			buildActionMask = 2147483647;
			files = (
				20DF877A194B5C2200B55C4A /* Main.storyboard in Resources */,
				20DF877C194B5C2200B55C4A /* Images.xcassets in Resources */,
			);
			runOnlyForDeploymentPostprocessing = 0;
		};
		20DF877F194B5C2200B55C4A /* Resources */ = {
			isa = PBXResourcesBuildPhase;
			buildActionMask = 2147483647;
			files = (
			);
			runOnlyForDeploymentPostprocessing = 0;
		};
/* End PBXResourcesBuildPhase section */

/* Begin PBXSourcesBuildPhase section */
		20DF876B194B5C2200B55C4A /* Sources */ = {
			isa = PBXSourcesBuildPhase;
			buildActionMask = 2147483647;
			files = (
				20DF8777194B5C2200B55C4A /* ViewController.swift in Sources */,
				20DF8775194B5C2200B55C4A /* AppDelegate.swift in Sources */,
			);
			runOnlyForDeploymentPostprocessing = 0;
		};
		20DF877D194B5C2200B55C4A /* Sources */ = {
			isa = PBXSourcesBuildPhase;
			buildActionMask = 2147483647;
			files = (
				20DF8788194B5C2200B55C4A /* SwiftTestTests.swift in Sources */,
			);
			runOnlyForDeploymentPostprocessing = 0;
		};
/* End PBXSourcesBuildPhase section */

/* Begin PBXTargetDependency section */
		20DF8783194B5C2200B55C4A /* PBXTargetDependency */ = {
			isa = PBXTargetDependency;
			target = 20DF876E194B5C2200B55C4A /* SwiftTest */;
			targetProxy = 20DF8782194B5C2200B55C4A /* PBXContainerItemProxy */;
		};
/* End PBXTargetDependency section */

/* Begin PBXVariantGroup section */
		20DF8778194B5C2200B55C4A /* Main.storyboard */ = {
			isa = PBXVariantGroup;
			children = (
				20DF8779194B5C2200B55C4A /* Base */,
			);
			name = Main.storyboard;
			sourceTree = "<group>";
		};
/* End PBXVariantGroup section */

/* Begin XCBuildConfiguration section */
		20DF8789194B5C2200B55C4A /* Debug */ = {
			isa = XCBuildConfiguration;
			buildSettings = {
				ALWAYS_SEARCH_USER_PATHS = NO;
				CLANG_CXX_LANGUAGE_STANDARD = "gnu++0x";
				CLANG_CXX_LIBRARY = "libc++";
				CLANG_ENABLE_MODULES = YES;
				CLANG_ENABLE_OBJC_ARC = YES;
				CLANG_WARN_BOOL_CONVERSION = YES;
				CLANG_WARN_CONSTANT_CONVERSION = YES;
				CLANG_WARN_DIRECT_OBJC_ISA_USAGE = YES_ERROR;
				CLANG_WARN_EMPTY_BODY = YES;
				CLANG_WARN_ENUM_CONVERSION = YES;
				CLANG_WARN_INT_CONVERSION = YES;
				CLANG_WARN_OBJC_ROOT_CLASS = YES_ERROR;
				CLANG_WARN_UNREACHABLE_CODE = YES;
				CLANG_WARN__DUPLICATE_METHOD_MATCH = YES;
				"CODE_SIGN_IDENTITY[sdk=iphoneos*]" = "iPhone Developer";
				COPY_PHASE_STRIP = NO;
				ENABLE_STRICT_OBJC_MSGSEND = YES;
				GCC_C_LANGUAGE_STANDARD = gnu99;
				GCC_DYNAMIC_NO_PIC = NO;
				GCC_OPTIMIZATION_LEVEL = 0;
				GCC_PREPROCESSOR_DEFINITIONS = (
					"DEBUG=1",
					"$(inherited)",
				);
				GCC_SYMBOLS_PRIVATE_EXTERN = NO;
				GCC_WARN_64_TO_32_BIT_CONVERSION = YES;
				GCC_WARN_ABOUT_RETURN_TYPE = YES_ERROR;
				GCC_WARN_UNDECLARED_SELECTOR = YES;
				GCC_WARN_UNINITIALIZED_AUTOS = YES_AGGRESSIVE;
				GCC_WARN_UNUSED_FUNCTION = YES;
				GCC_WARN_UNUSED_VARIABLE = YES;
				IPHONEOS_DEPLOYMENT_TARGET = 8.0;
				METAL_ENABLE_DEBUG_INFO = YES;
				ONLY_ACTIVE_ARCH = YES;
				SDKROOT = iphoneos;
				SWIFT_OPTIMIZATION_LEVEL = "-Onone";
			};
			name = Debug;
		};
		20DF878A194B5C2200B55C4A /* Release */ = {
			isa = XCBuildConfiguration;
			buildSettings = {
				ALWAYS_SEARCH_USER_PATHS = NO;
				CLANG_CXX_LANGUAGE_STANDARD = "gnu++0x";
				CLANG_CXX_LIBRARY = "libc++";
				CLANG_ENABLE_MODULES = YES;
				CLANG_ENABLE_OBJC_ARC = YES;
				CLANG_WARN_BOOL_CONVERSION = YES;
				CLANG_WARN_CONSTANT_CONVERSION = YES;
				CLANG_WARN_DIRECT_OBJC_ISA_USAGE = YES_ERROR;
				CLANG_WARN_EMPTY_BODY = YES;
				CLANG_WARN_ENUM_CONVERSION = YES;
				CLANG_WARN_INT_CONVERSION = YES;
				CLANG_WARN_OBJC_ROOT_CLASS = YES_ERROR;
				CLANG_WARN_UNREACHABLE_CODE = YES;
				CLANG_WARN__DUPLICATE_METHOD_MATCH = YES;
				"CODE_SIGN_IDENTITY[sdk=iphoneos*]" = "iPhone Developer";
				COPY_PHASE_STRIP = YES;
				ENABLE_NS_ASSERTIONS = NO;
				ENABLE_STRICT_OBJC_MSGSEND = YES;
				GCC_C_LANGUAGE_STANDARD = gnu99;
				GCC_WARN_64_TO_32_BIT_CONVERSION = YES;
				GCC_WARN_ABOUT_RETURN_TYPE = YES_ERROR;
				GCC_WARN_UNDECLARED_SELECTOR = YES;
				GCC_WARN_UNINITIALIZED_AUTOS = YES_AGGRESSIVE;
				GCC_WARN_UNUSED_FUNCTION = YES;
				GCC_WARN_UNUSED_VARIABLE = YES;
				IPHONEOS_DEPLOYMENT_TARGET = 8.0;
				METAL_ENABLE_DEBUG_INFO = NO;
				SDKROOT = iphoneos;
				VALIDATE_PRODUCT = YES;
			};
			name = Release;
		};
		20DF878C194B5C2200B55C4A /* Debug */ = {
			isa = XCBuildConfiguration;
			buildSettings = {
				ASSETCATALOG_COMPILER_APPICON_NAME = AppIcon;
				ASSETCATALOG_COMPILER_LAUNCHIMAGE_NAME = LaunchImage;
				INFOPLIST_FILE = SwiftTest/Info.plist;
				LD_RUNPATH_SEARCH_PATHS = "$(inherited) @executable_path/Frameworks";
				PRODUCT_NAME = "$(TARGET_NAME)";
			};
			name = Debug;
		};
		20DF878D194B5C2200B55C4A /* Release */ = {
			isa = XCBuildConfiguration;
			buildSettings = {
				ASSETCATALOG_COMPILER_APPICON_NAME = AppIcon;
				ASSETCATALOG_COMPILER_LAUNCHIMAGE_NAME = LaunchImage;
				INFOPLIST_FILE = SwiftTest/Info.plist;
				LD_RUNPATH_SEARCH_PATHS = "$(inherited) @executable_path/Frameworks";
				PRODUCT_NAME = "$(TARGET_NAME)";
			};
			name = Release;
		};
		20DF878F194B5C2200B55C4A /* Debug */ = {
			isa = XCBuildConfiguration;
			buildSettings = {
				BUNDLE_LOADER = "$(BUILT_PRODUCTS_DIR)/SwiftTest.app/SwiftTest";
				FRAMEWORK_SEARCH_PATHS = (
					"$(SDKROOT)/Developer/Library/Frameworks",
					"$(inherited)",
				);
				GCC_PREPROCESSOR_DEFINITIONS = (
					"DEBUG=1",
					"$(inherited)",
				);
				INFOPLIST_FILE = SwiftTestTests/Info.plist;
				LD_RUNPATH_SEARCH_PATHS = "$(inherited) @executable_path/Frameworks @loader_path/Frameworks";
				METAL_ENABLE_DEBUG_INFO = YES;
				PRODUCT_NAME = "$(TARGET_NAME)";
				TEST_HOST = "$(BUNDLE_LOADER)";
			};
			name = Debug;
		};
		20DF8790194B5C2200B55C4A /* Release */ = {
			isa = XCBuildConfiguration;
			buildSettings = {
				BUNDLE_LOADER = "$(BUILT_PRODUCTS_DIR)/SwiftTest.app/SwiftTest";
				FRAMEWORK_SEARCH_PATHS = (
					"$(SDKROOT)/Developer/Library/Frameworks",
					"$(inherited)",
				);
				INFOPLIST_FILE = SwiftTestTests/Info.plist;
				LD_RUNPATH_SEARCH_PATHS = "$(inherited) @executable_path/Frameworks @loader_path/Frameworks";
				METAL_ENABLE_DEBUG_INFO = NO;
				PRODUCT_NAME = "$(TARGET_NAME)";
				TEST_HOST = "$(BUNDLE_LOADER)";
			};
			name = Release;
		};
/* End XCBuildConfiguration section */

/* Begin XCConfigurationList section */
		20DF876A194B5C2200B55C4A /* Build configuration list for PBXProject "SwiftTest" */ = {
			isa = XCConfigurationList;
			buildConfigurations = (
				20DF8789194B5C2200B55C4A /* Debug */,
				20DF878A194B5C2200B55C4A /* Release */,
			);
			defaultConfigurationIsVisible = 0;
			defaultConfigurationName = Release;
		};
		20DF878B194B5C2200B55C4A /* Build configuration list for PBXNativeTarget "SwiftTest" */ = {
			isa = XCConfigurationList;
			buildConfigurations = (
				20DF878C194B5C2200B55C4A /* Debug */,
				20DF878D194B5C2200B55C4A /* Release */,
			);
			defaultConfigurationIsVisible = 0;
		};
		20DF878E194B5C2200B55C4A /* Build configuration list for PBXNativeTarget "SwiftTestTests" */ = {
			isa = XCConfigurationList;
			buildConfigurations = (
				20DF878F194B5C2200B55C4A /* Debug */,
				20DF8790194B5C2200B55C4A /* Release */,
			);
			defaultConfigurationIsVisible = 0;
		};
/* End XCConfigurationList section */
	};
	rootObject = 20DF8767194B5C2200B55C4A /* Project object */;
}
